
Microsoft Visual Studio Solution File, Format Version 12.00
# Visual Studio Version 17
VisualStudioVersion = 17.2.32616.157
MinimumVisualStudioVersion = 10.0.40219.1
Project("{FAE04EC0-301F-11D3-BF4B-00C04F79EFBC}") = "UploadanddownloadPhoto", "UploadanddownloadPhoto\UploadanddownloadPhoto.csproj", "{A8EC004D-AA56-4061-B76F-40805CD01674}"
EndProject
Global
	GlobalSection(SolutionConfigurationPlatforms) = preSolution
		Debug|Any CPU = Debug|Any CPU
		Release|Any CPU = Release|Any CPU
	EndGlobalSection
	GlobalSection(ProjectConfigurationPlatforms) = postSolution
		{A8EC004D-AA56-4061-B76F-40805CD01674}.Debug|Any CPU.ActiveCfg = Debug|Any CPU
		{A8EC004D-AA56-4061-B76F-40805CD01674}.Debug|Any CPU.Build.0 = Debug|Any CPU
		{A8EC004D-AA56-4061-B76F-40805CD01674}.Release|Any CPU.ActiveCfg = Release|Any CPU
		{A8EC004D-AA56-4061-B76F-40805CD01674}.Release|Any CPU.Build.0 = Release|Any CPU
	EndGlobalSection
	GlobalSection(SolutionProperties) = preSolution
		HideSolutionNode = FALSE
	EndGlobalSection
	GlobalSection(ExtensibilityGlobals) = postSolution
		SolutionGuid = {9DC3A32B-B1AE-45EB-94B7-4F1C03B97AFA}
	EndGlobalSection
EndGlobal
